// !$*UTF8*$!
{
	archiveVersion = 1;
	classes = {
	};
	objectVersion = 46;
	objects = {

/* Begin PBXBuildFile section */
		D2E14C331C9C842F007D149A /* main.m in Sources */ = {isa = PBXBuildFile; fileRef = D2E14C321C9C842F007D149A /* main.m */; };
		D2E14C361C9C842F007D149A /* AppDelegate.m in Sources */ = {isa = PBXBuildFile; fileRef = D2E14C351C9C842F007D149A /* AppDelegate.m */; };
		D2E14C391C9C842F007D149A /* ViewController.m in Sources */ = {isa = PBXBuildFile; fileRef = D2E14C381C9C842F007D149A /* ViewController.m */; };
		D2E14C3C1C9C842F007D149A /* Main.storyboard in Resources */ = {isa = PBXBuildFile; fileRef = D2E14C3A1C9C842F007D149A /* Main.storyboard */; };
		D2E14C3E1C9C842F007D149A /* Assets.xcassets in Resources */ = {isa = PBXBuildFile; fileRef = D2E14C3D1C9C842F007D149A /* Assets.xcassets */; };
		D2E14C411C9C842F007D149A /* LaunchScreen.storyboard in Resources */ = {isa = PBXBuildFile; fileRef = D2E14C3F1C9C842F007D149A /* LaunchScreen.storyboard */; };
		D2E14C4C1C9C842F007D149A /* RAVSevenSegmentViewTests.m in Sources */ = {isa = PBXBuildFile; fileRef = D2E14C4B1C9C842F007D149A /* RAVSevenSegmentViewTests.m */; };
/* End PBXBuildFile section */

/* Begin PBXContainerItemProxy section */
		D2E14C481C9C842F007D149A /* PBXContainerItemProxy */ = {
			isa = PBXContainerItemProxy;
			containerPortal = D2E14C261C9C842F007D149A /* Project object */;
			proxyType = 1;
			remoteGlobalIDString = D2E14C2D1C9C842F007D149A;
			remoteInfo = RAVSevenSegmentView;
		};
/* End PBXContainerItemProxy section */

/* Begin PBXFileReference section */
		D2E14C2E1C9C842F007D149A /* RAVSevenSegmentView.app */ = {isa = PBXFileReference; explicitFileType = wrapper.application; includeInIndex = 0; path = RAVSevenSegmentView.app; sourceTree = BUILT_PRODUCTS_DIR; };
		D2E14C321C9C842F007D149A /* main.m */ = {isa = PBXFileReference; lastKnownFileType = sourcecode.c.objc; path = main.m; sourceTree = "<group>"; };
		D2E14C341C9C842F007D149A /* AppDelegate.h */ = {isa = PBXFileReference; lastKnownFileType = sourcecode.c.h; path = AppDelegate.h; sourceTree = "<group>"; };
		D2E14C351C9C842F007D149A /* AppDelegate.m */ = {isa = PBXFileReference; lastKnownFileType = sourcecode.c.objc; path = AppDelegate.m; sourceTree = "<group>"; };
		D2E14C371C9C842F007D149A /* ViewController.h */ = {isa = PBXFileReference; lastKnownFileType = sourcecode.c.h; path = ViewController.h; sourceTree = "<group>"; };
		D2E14C381C9C842F007D149A /* ViewController.m */ = {isa = PBXFileReference; lastKnownFileType = sourcecode.c.objc; path = ViewController.m; sourceTree = "<group>"; };
		D2E14C3B1C9C842F007D149A /* Base */ = {isa = PBXFileReference; lastKnownFileType = file.storyboard; name = Base; path = Base.lproj/Main.storyboard; sourceTree = "<group>"; };
		D2E14C3D1C9C842F007D149A /* Assets.xcassets */ = {isa = PBXFileReference; lastKnownFileType = folder.assetcatalog; path = Assets.xcassets; sourceTree = "<group>"; };
		D2E14C401C9C842F007D149A /* Base */ = {isa = PBXFileReference; lastKnownFileType = file.storyboard; name = Base; path = Base.lproj/LaunchScreen.storyboard; sourceTree = "<group>"; };
		D2E14C421C9C842F007D149A /* Info.plist */ = {isa = PBXFileReference; lastKnownFileType = text.plist.xml; path = Info.plist; sourceTree = "<group>"; };
		D2E14C471C9C842F007D149A /* RAVSevenSegmentViewTests.xctest */ = {isa = PBXFileReference; explicitFileType = wrapper.cfbundle; includeInIndex = 0; path = RAVSevenSegmentViewTests.xctest; sourceTree = BUILT_PRODUCTS_DIR; };
		D2E14C4B1C9C842F007D149A /* RAVSevenSegmentViewTests.m */ = {isa = PBXFileReference; lastKnownFileType = sourcecode.c.objc; path = RAVSevenSegmentViewTests.m; sourceTree = "<group>"; };
		D2E14C4D1C9C842F007D149A /* Info.plist */ = {isa = PBXFileReference; lastKnownFileType = text.plist.xml; path = Info.plist; sourceTree = "<group>"; };
/* End PBXFileReference section */

/* Begin PBXFrameworksBuildPhase section */
		D2E14C2B1C9C842F007D149A /* Frameworks */ = {
			isa = PBXFrameworksBuildPhase;
			buildActionMask = 2147483647;
			files = (
			);
			runOnlyForDeploymentPostprocessing = 0;
		};
		D2E14C441C9C842F007D149A /* Frameworks */ = {
			isa = PBXFrameworksBuildPhase;
			buildActionMask = 2147483647;
			files = (
			);
			runOnlyForDeploymentPostprocessing = 0;
		};
/* End PBXFrameworksBuildPhase section */

/* Begin PBXGroup section */
		D2E14C251C9C842F007D149A = {
			isa = PBXGroup;
			children = (
				D2E14C561C9C843B007D149A /* RAVSevenSegmentView */,
				D2E14C301C9C842F007D149A /* RAVSevenSegmentViewDemo */,
				D2E14C4A1C9C842F007D149A /* RAVSevenSegmentViewTests */,
				D2E14C2F1C9C842F007D149A /* Products */,
			);
			sourceTree = "<group>";
		};
		D2E14C2F1C9C842F007D149A /* Products */ = {
			isa = PBXGroup;
			children = (
				D2E14C2E1C9C842F007D149A /* RAVSevenSegmentView.app */,
				D2E14C471C9C842F007D149A /* RAVSevenSegmentViewTests.xctest */,
			);
			name = Products;
			sourceTree = "<group>";
		};
		D2E14C301C9C842F007D149A /* RAVSevenSegmentViewDemo */ = {
			isa = PBXGroup;
			children = (
				D2E14C341C9C842F007D149A /* AppDelegate.h */,
				D2E14C351C9C842F007D149A /* AppDelegate.m */,
				D2E14C371C9C842F007D149A /* ViewController.h */,
				D2E14C381C9C842F007D149A /* ViewController.m */,
				D2E14C3A1C9C842F007D149A /* Main.storyboard */,
				D2E14C3D1C9C842F007D149A /* Assets.xcassets */,
				D2E14C3F1C9C842F007D149A /* LaunchScreen.storyboard */,
				D2E14C421C9C842F007D149A /* Info.plist */,
				D2E14C311C9C842F007D149A /* Supporting Files */,
			);
			name = RAVSevenSegmentViewDemo;
			path = RAVSevenSegmentView;
			sourceTree = "<group>";
		};
		D2E14C311C9C842F007D149A /* Supporting Files */ = {
			isa = PBXGroup;
			children = (
				D2E14C321C9C842F007D149A /* main.m */,
			);
			name = "Supporting Files";
			sourceTree = "<group>";
		};
		D2E14C4A1C9C842F007D149A /* RAVSevenSegmentViewTests */ = {
			isa = PBXGroup;
			children = (
				D2E14C4B1C9C842F007D149A /* RAVSevenSegmentViewTests.m */,
				D2E14C4D1C9C842F007D149A /* Info.plist */,
			);
			path = RAVSevenSegmentViewTests;
			sourceTree = "<group>";
		};
		D2E14C561C9C843B007D149A /* RAVSevenSegmentView */ = {
			isa = PBXGroup;
			children = (
			);
			name = RAVSevenSegmentView;
			sourceTree = "<group>";
		};
/* End PBXGroup section */

/* Begin PBXNativeTarget section */
		D2E14C2D1C9C842F007D149A /* RAVSevenSegmentView */ = {
			isa = PBXNativeTarget;
			buildConfigurationList = D2E14C501C9C842F007D149A /* Build configuration list for PBXNativeTarget "RAVSevenSegmentView" */;
			buildPhases = (
				D2E14C2A1C9C842F007D149A /* Sources */,
				D2E14C2B1C9C842F007D149A /* Frameworks */,
				D2E14C2C1C9C842F007D149A /* Resources */,
			);
			buildRules = (
			);
			dependencies = (
			);
			name = RAVSevenSegmentView;
			productName = RAVSevenSegmentView;
			productReference = D2E14C2E1C9C842F007D149A /* RAVSevenSegmentView.app */;
			productType = "com.apple.product-type.application";
		};
		D2E14C461C9C842F007D149A /* RAVSevenSegmentViewTests */ = {
			isa = PBXNativeTarget;
			buildConfigurationList = D2E14C531C9C842F007D149A /* Build configuration list for PBXNativeTarget "RAVSevenSegmentViewTests" */;
			buildPhases = (
				D2E14C431C9C842F007D149A /* Sources */,
				D2E14C441C9C842F007D149A /* Frameworks */,
				D2E14C451C9C842F007D149A /* Resources */,
			);
			buildRules = (
			);
			dependencies = (
				D2E14C491C9C842F007D149A /* PBXTargetDependency */,
			);
			name = RAVSevenSegmentViewTests;
			productName = RAVSevenSegmentViewTests;
			productReference = D2E14C471C9C842F007D149A /* RAVSevenSegmentViewTests.xctest */;
			productType = "com.apple.product-type.bundle.unit-test";
		};
/* End PBXNativeTarget section */

/* Begin PBXProject section */
		D2E14C261C9C842F007D149A /* Project object */ = {
			isa = PBXProject;
			attributes = {
				LastUpgradeCheck = 0720;
				ORGANIZATIONNAME = "Aleksey Rochev";
				TargetAttributes = {
					D2E14C2D1C9C842F007D149A = {
						CreatedOnToolsVersion = 7.2;
					};
					D2E14C461C9C842F007D149A = {
						CreatedOnToolsVersion = 7.2;
						TestTargetID = D2E14C2D1C9C842F007D149A;
					};
				};
			};
			buildConfigurationList = D2E14C291C9C842F007D149A /* Build configuration list for PBXProject "RAVSevenSegmentView" */;
			compatibilityVersion = "Xcode 3.2";
			developmentRegion = English;
			hasScannedForEncodings = 0;
			knownRegions = (
				en,
				Base,
			);
			mainGroup = D2E14C251C9C842F007D149A;
			productRefGroup = D2E14C2F1C9C842F007D149A /* Products */;
			projectDirPath = "";
			projectRoot = "";
			targets = (
				D2E14C2D1C9C842F007D149A /* RAVSevenSegmentView */,
				D2E14C461C9C842F007D149A /* RAVSevenSegmentViewTests */,
			);
		};
/* End PBXProject section */

/* Begin PBXResourcesBuildPhase section */
		D2E14C2C1C9C842F007D149A /* Resources */ = {
			isa = PBXResourcesBuildPhase;
			buildActionMask = 2147483647;
			files = (
				D2E14C411C9C842F007D149A /* LaunchScreen.storyboard in Resources */,
				D2E14C3E1C9C842F007D149A /* Assets.xcassets in Resources */,
				D2E14C3C1C9C842F007D149A /* Main.storyboard in Resources */,
			);
			runOnlyForDeploymentPostprocessing = 0;
		};
		D2E14C451C9C842F007D149A /* Resources */ = {
			isa = PBXResourcesBuildPhase;
			buildActionMask = 2147483647;
			files = (
			);
			runOnlyForDeploymentPostprocessing = 0;
		};
/* End PBXResourcesBuildPhase section */

/* Begin PBXSourcesBuildPhase section */
		D2E14C2A1C9C842F007D149A /* Sources */ = {
			isa = PBXSourcesBuildPhase;
			buildActionMask = 2147483647;
			files = (
				D2E14C391C9C842F007D149A /* ViewController.m in Sources */,
				D2E14C361C9C842F007D149A /* AppDelegate.m in Sources */,
				D2E14C331C9C842F007D149A /* main.m in Sources */,
			);
			runOnlyForDeploymentPostprocessing = 0;
		};
		D2E14C431C9C842F007D149A /* Sources */ = {
			isa = PBXSourcesBuildPhase;
			buildActionMask = 2147483647;
			files = (
				D2E14C4C1C9C842F007D149A /* RAVSevenSegmentViewTests.m in Sources */,
			);
			runOnlyForDeploymentPostprocessing = 0;
		};
/* End PBXSourcesBuildPhase section */

/* Begin PBXTargetDependency section */
		D2E14C491C9C842F007D149A /* PBXTargetDependency */ = {
			isa = PBXTargetDependency;
			target = D2E14C2D1C9C842F007D149A /* RAVSevenSegmentView */;
			targetProxy = D2E14C481C9C842F007D149A /* PBXContainerItemProxy */;
		};
/* End PBXTargetDependency section */

/* Begin PBXVariantGroup section */
		D2E14C3A1C9C842F007D149A /* Main.storyboard */ = {
			isa = PBXVariantGroup;
			children = (
				D2E14C3B1C9C842F007D149A /* Base */,
			);
			name = Main.storyboard;
			sourceTree = "<group>";
		};
		D2E14C3F1C9C842F007D149A /* LaunchScreen.storyboard */ = {
			isa = PBXVariantGroup;
			children = (
				D2E14C401C9C842F007D149A /* Base */,
			);
			name = LaunchScreen.storyboard;
			sourceTree = "<group>";
		};
/* End PBXVariantGroup section */

/* Begin XCBuildConfiguration section */
		D2E14C4E1C9C842F007D149A /* Debug */ = {
			isa = XCBuildConfiguration;
			buildSettings = {
				ALWAYS_SEARCH_USER_PATHS = NO;
				CLANG_CXX_LANGUAGE_STANDARD = "gnu++0x";
				CLANG_CXX_LIBRARY = "libc++";
				CLANG_ENABLE_MODULES = YES;
				CLANG_ENABLE_OBJC_ARC = YES;
				CLANG_WARN_BOOL_CONVERSION = YES;
				CLANG_WARN_CONSTANT_CONVERSION = YES;
				CLANG_WARN_DIRECT_OBJC_ISA_USAGE = YES_ERROR;
				CLANG_WARN_EMPTY_BODY = YES;
				CLANG_WARN_ENUM_CONVERSION = YES;
				CLANG_WARN_INT_CONVERSION = YES;
				CLANG_WARN_OBJC_ROOT_CLASS = YES_ERROR;
				CLANG_WARN_UNREACHABLE_CODE = YES;
				CLANG_WARN__DUPLICATE_METHOD_MATCH = YES;
				"CODE_SIGN_IDENTITY[sdk=iphoneos*]" = "iPhone Developer";
				COPY_PHASE_STRIP = NO;
				DEBUG_INFORMATION_FORMAT = dwarf;
				ENABLE_STRICT_OBJC_MSGSEND = YES;
				ENABLE_TESTABILITY = YES;
				GCC_C_LANGUAGE_STANDARD = gnu99;
				GCC_DYNAMIC_NO_PIC = NO;
				GCC_NO_COMMON_BLOCKS = YES;
				GCC_OPTIMIZATION_LEVEL = 0;
				GCC_PREPROCESSOR_DEFINITIONS = (
					"DEBUG=1",
					"$(inherited)",
				);
				GCC_WARN_64_TO_32_BIT_CONVERSION = YES;
				GCC_WARN_ABOUT_RETURN_TYPE = YES_ERROR;
				GCC_WARN_UNDECLARED_SELECTOR = YES;
				GCC_WARN_UNINITIALIZED_AUTOS = YES_AGGRESSIVE;
				GCC_WARN_UNUSED_FUNCTION = YES;
				GCC_WARN_UNUSED_VARIABLE = YES;
				IPHONEOS_DEPLOYMENT_TARGET = 9.2;
				MTL_ENABLE_DEBUG_INFO = YES;
				ONLY_ACTIVE_ARCH = YES;
				SDKROOT = iphoneos;
			};
			name = Debug;
		};
		D2E14C4F1C9C842F007D149A /* Release */ = {
			isa = XCBuildConfiguration;
			buildSettings = {
				ALWAYS_SEARCH_USER_PATHS = NO;
				CLANG_CXX_LANGUAGE_STANDARD = "gnu++0x";
				CLANG_CXX_LIBRARY = "libc++";
				CLANG_ENABLE_MODULES = YES;
				CLANG_ENABLE_OBJC_ARC = YES;
				CLANG_WARN_BOOL_CONVERSION = YES;
				CLANG_WARN_CONSTANT_CONVERSION = YES;
				CLANG_WARN_DIRECT_OBJC_ISA_USAGE = YES_ERROR;
				CLANG_WARN_EMPTY_BODY = YES;
				CLANG_WARN_ENUM_CONVERSION = YES;
				CLANG_WARN_INT_CONVERSION = YES;
				CLANG_WARN_OBJC_ROOT_CLASS = YES_ERROR;
				CLANG_WARN_UNREACHABLE_CODE = YES;
				CLANG_WARN__DUPLICATE_METHOD_MATCH = YES;
				"CODE_SIGN_IDENTITY[sdk=iphoneos*]" = "iPhone Developer";
				COPY_PHASE_STRIP = NO;
				DEBUG_INFORMATION_FORMAT = "dwarf-with-dsym";
				ENABLE_NS_ASSERTIONS = NO;
				ENABLE_STRICT_OBJC_MSGSEND = YES;
				GCC_C_LANGUAGE_STANDARD = gnu99;
				GCC_NO_COMMON_BLOCKS = YES;
				GCC_WARN_64_TO_32_BIT_CONVERSION = YES;
				GCC_WARN_ABOUT_RETURN_TYPE = YES_ERROR;
				GCC_WARN_UNDECLARED_SELECTOR = YES;
				GCC_WARN_UNINITIALIZED_AUTOS = YES_AGGRESSIVE;
				GCC_WARN_UNUSED_FUNCTION = YES;
				GCC_WARN_UNUSED_VARIABLE = YES;
				IPHONEOS_DEPLOYMENT_TARGET = 9.2;
				MTL_ENABLE_DEBUG_INFO = NO;
				SDKROOT = iphoneos;
				VALIDATE_PRODUCT = YES;
			};
			name = Release;
		};
		D2E14C511C9C842F007D149A /* Debug */ = {
			isa = XCBuildConfiguration;
			buildSettings = {
				ASSETCATALOG_COMPILER_APPICON_NAME = AppIcon;
				INFOPLIST_FILE = RAVSevenSegmentView/Info.plist;
				LD_RUNPATH_SEARCH_PATHS = "$(inherited) @executable_path/Frameworks";
				PRODUCT_BUNDLE_IDENTIFIER = com.AlekseyRochev.RAVSevenSegmentView;
				PRODUCT_NAME = "$(TARGET_NAME)";
			};
			name = Debug;
		};
		D2E14C521C9C842F007D149A /* Release */ = {
			isa = XCBuildConfiguration;
			buildSettings = {
				ASSETCATALOG_COMPILER_APPICON_NAME = AppIcon;
				INFOPLIST_FILE = RAVSevenSegmentView/Info.plist;
				LD_RUNPATH_SEARCH_PATHS = "$(inherited) @executable_path/Frameworks";
				PRODUCT_BUNDLE_IDENTIFIER = com.AlekseyRochev.RAVSevenSegmentView;
				PRODUCT_NAME = "$(TARGET_NAME)";
			};
			name = Release;
		};
		D2E14C541C9C842F007D149A /* Debug */ = {
			isa = XCBuildConfiguration;
			buildSettings = {
				BUNDLE_LOADER = "$(TEST_HOST)";
				INFOPLIST_FILE = RAVSevenSegmentViewTests/Info.plist;
				LD_RUNPATH_SEARCH_PATHS = "$(inherited) @executable_path/Frameworks @loader_path/Frameworks";
				PRODUCT_BUNDLE_IDENTIFIER = com.AlekseyRochev.RAVSevenSegmentViewTests;
				PRODUCT_NAME = "$(TARGET_NAME)";
				TEST_HOST = "$(BUILT_PRODUCTS_DIR)/RAVSevenSegmentView.app/RAVSevenSegmentView";
			};
			name = Debug;
		};
		D2E14C551C9C842F007D149A /* Release */ = {
			isa = XCBuildConfiguration;
			buildSettings = {
				BUNDLE_LOADER = "$(TEST_HOST)";
				INFOPLIST_FILE = RAVSevenSegmentViewTests/Info.plist;
				LD_RUNPATH_SEARCH_PATHS = "$(inherited) @executable_path/Frameworks @loader_path/Frameworks";
				PRODUCT_BUNDLE_IDENTIFIER = com.AlekseyRochev.RAVSevenSegmentViewTests;
				PRODUCT_NAME = "$(TARGET_NAME)";
				TEST_HOST = "$(BUILT_PRODUCTS_DIR)/RAVSevenSegmentView.app/RAVSevenSegmentView";
			};
			name = Release;
		};
/* End XCBuildConfiguration section */

/* Begin XCConfigurationList section */
		D2E14C291C9C842F007D149A /* Build configuration list for PBXProject "RAVSevenSegmentView" */ = {
			isa = XCConfigurationList;
			buildConfigurations = (
				D2E14C4E1C9C842F007D149A /* Debug */,
				D2E14C4F1C9C842F007D149A /* Release */,
			);
			defaultConfigurationIsVisible = 0;
			defaultConfigurationName = Release;
		};
		D2E14C501C9C842F007D149A /* Build configuration list for PBXNativeTarget "RAVSevenSegmentView" */ = {
			isa = XCConfigurationList;
			buildConfigurations = (
				D2E14C511C9C842F007D149A /* Debug */,
				D2E14C521C9C842F007D149A /* Release */,
			);
			defaultConfigurationIsVisible = 0;
		};
		D2E14C531C9C842F007D149A /* Build configuration list for PBXNativeTarget "RAVSevenSegmentViewTests" */ = {
			isa = XCConfigurationList;
			buildConfigurations = (
				D2E14C541C9C842F007D149A /* Debug */,
				D2E14C551C9C842F007D149A /* Release */,
			);
			defaultConfigurationIsVisible = 0;
		};
/* End XCConfigurationList section */
	};
	rootObject = D2E14C261C9C842F007D149A /* Project object */;
}
